{
    "hash": "c5759b1df3dcd0799bca1aec560c2007",
    "packages": [
        {
            "package": "behat/behat",
            "version": "v2.4.0"
        },
        {
            "package": "behat/gherkin",
            "version": "v2.2.2"
        },
        {
            "package": "symfony/config",
            "version": "v2.0.16"
        },
        {
            "package": "symfony/console",
            "version": "v2.0.16"
        },
        {
            "package": "symfony/dependency-injection",
            "version": "v2.0.16"
        },
        {
            "package": "symfony/event-dispatcher",
            "version": "v2.0.16"
        },
        {
            "package": "symfony/finder",
            "version": "v2.0.15"
        },
        {
            "package": "symfony/translation",
            "version": "v2.0.16"
        },
        {
            "package": "symfony/yaml",
            "version": "v2.0.16"
        }
    ],
    "packages-dev": null,
    "aliases": [

    ],
    "minimum-stability": "stable",
    "stability-flags": {
        "behat/behat": 0
    }
}
